
Microsoft Visual Studio Solution File, Format Version 12.00
# Visual Studio Version 17
VisualStudioVersion = 17.4.33103.184
MinimumVisualStudioVersion = 10.0.40219.1
Project("{FAE04EC0-301F-11D3-BF4B-00C04F79EFBC}") = "StudActiveAPI", "StudActiveAPI\StudActiveAPI.csproj", "{D7291557-8905-469B-866A-2D039042299B}"
EndProject
Global
	GlobalSection(SolutionConfigurationPlatforms) = preSolution
		Debug|Any CPU = Debug|Any CPU
		Release|Any CPU = Release|Any CPU
	EndGlobalSection
	GlobalSection(ProjectConfigurationPlatforms) = postSolution
		{D7291557-8905-469B-866A-2D039042299B}.Debug|Any CPU.ActiveCfg = Debug|Any CPU
		{D7291557-8905-469B-866A-2D039042299B}.Debug|Any CPU.Build.0 = Debug|Any CPU
		{D7291557-8905-469B-866A-2D039042299B}.Release|Any CPU.ActiveCfg = Release|Any CPU
		{D7291557-8905-469B-866A-2D039042299B}.Release|Any CPU.Build.0 = Release|Any CPU
	EndGlobalSection
	GlobalSection(SolutionProperties) = preSolution
		HideSolutionNode = FALSE
	EndGlobalSection
	GlobalSection(ExtensibilityGlobals) = postSolution
		SolutionGuid = {A6D5578F-6871-46D4-A1A5-FB222B82AF4C}
	EndGlobalSection
EndGlobal
